
Microsoft Visual Studio Solution File, Format Version 12.00
# Visual Studio Version 16
VisualStudioVersion = 16.0.28803.202
MinimumVisualStudioVersion = 10.0.40219.1
Project("{FAE04EC0-301F-11D3-BF4B-00C04F79EFBC}") = "BonesTools", "BonesTools.csproj", "{AE2BD74B-ADD4-411C-8924-5B5675B0C1C9}"
EndProject
Project("{FAE04EC0-301F-11D3-BF4B-00C04F79EFBC}") = "WindowsFormsControlLibrary", "..\WindowsFormsControlLibrary\WindowsFormsControlLibrary.csproj", "{83D91522-ECC1-4CE5-BF5F-25DB68D10904}"
EndProject
Global
	GlobalSection(SolutionConfigurationPlatforms) = preSolution
		Debug|Any CPU = Debug|Any CPU
		Release|Any CPU = Release|Any CPU
	EndGlobalSection
	GlobalSection(ProjectConfigurationPlatforms) = postSolution
		{AE2BD74B-ADD4-411C-8924-5B5675B0C1C9}.Debug|Any CPU.ActiveCfg = Debug|Any CPU
		{AE2BD74B-ADD4-411C-8924-5B5675B0C1C9}.Debug|Any CPU.Build.0 = Debug|Any CPU
		{AE2BD74B-ADD4-411C-8924-5B5675B0C1C9}.Release|Any CPU.ActiveCfg = Release|Any CPU
		{AE2BD74B-ADD4-411C-8924-5B5675B0C1C9}.Release|Any CPU.Build.0 = Release|Any CPU
		{83D91522-ECC1-4CE5-BF5F-25DB68D10904}.Debug|Any CPU.ActiveCfg = Debug|Any CPU
		{83D91522-ECC1-4CE5-BF5F-25DB68D10904}.Debug|Any CPU.Build.0 = Debug|Any CPU
		{83D91522-ECC1-4CE5-BF5F-25DB68D10904}.Release|Any CPU.ActiveCfg = Release|Any CPU
		{83D91522-ECC1-4CE5-BF5F-25DB68D10904}.Release|Any CPU.Build.0 = Release|Any CPU
	EndGlobalSection
	GlobalSection(SolutionProperties) = preSolution
		HideSolutionNode = FALSE
	EndGlobalSection
	GlobalSection(ExtensibilityGlobals) = postSolution
		SolutionGuid = {B0C64F9A-1DEE-4DD1-B235-81A15C5C158F}
	EndGlobalSection
EndGlobal
